
Microsoft Visual Studio Solution File, Format Version 12.00
# Visual Studio 15
VisualStudioVersion = 15.0.26124.0
MinimumVisualStudioVersion = 15.0.26124.0
Project("{FAE04EC0-301F-11D3-BF4B-00C04F79EFBC}") = "Syeremy.Messages", "Syeremy.Messages\Syeremy.Messages.csproj", "{0C7F3075-1760-4A57-A1F5-C6C2241A812A}"
EndProject
Project("{2150E333-8FDC-42A3-9474-1A3956D46DE8}") = "RabbitMqTransport", "RabbitMqTransport", "{DF047519-DE4A-4700-AD5C-C210252C4FA7}"
EndProject
Project("{FAE04EC0-301F-11D3-BF4B-00C04F79EFBC}") = "Syeremy.Rabbit.ClientUI", "Syeremy.Rabbit.ClientUI\Syeremy.Rabbit.ClientUI.csproj", "{21D09B10-00EC-409A-9CD8-E4A6C8F6EBE9}"
EndProject
Project("{FAE04EC0-301F-11D3-BF4B-00C04F79EFBC}") = "Syeremy.Rabbit.Sales", "Syeremy.Rabbit.Sales\Syeremy.Rabbit.Sales.csproj", "{A42FD0B7-A296-4003-A64B-9FCF8C9AEB23}"
EndProject
Project("{FAE04EC0-301F-11D3-BF4B-00C04F79EFBC}") = "Syeremy.Rabbit.Billing", "Syeremy.Rabbit.Billing\Syeremy.Rabbit.Billing.csproj", "{532D72F4-7A4B-4890-9860-631AEEFEA73A}"
EndProject
Project("{FAE04EC0-301F-11D3-BF4B-00C04F79EFBC}") = "Syeremy.Rabbit.Shipping", "Syeremy.Rabbit.Shipping\Syeremy.Rabbit.Shipping.csproj", "{58D16589-89E4-445D-AAC4-09FA9062DEFD}"
EndProject
Project("{FAE04EC0-301F-11D3-BF4B-00C04F79EFBC}") = "Syeremy.Rabbit.GoldInsiderClientServices", "Syeremy.Rabbit.GoldInsiderClientServices\Syeremy.Rabbit.GoldInsiderClientServices.csproj", "{C6B24D7F-1A78-4425-B712-411F7CA6D903}"
EndProject
Global
	GlobalSection(SolutionConfigurationPlatforms) = preSolution
		Debug|Any CPU = Debug|Any CPU
		Debug|x64 = Debug|x64
		Debug|x86 = Debug|x86
		Release|Any CPU = Release|Any CPU
		Release|x64 = Release|x64
		Release|x86 = Release|x86
	EndGlobalSection
	GlobalSection(SolutionProperties) = preSolution
		HideSolutionNode = FALSE
	EndGlobalSection
	GlobalSection(ProjectConfigurationPlatforms) = postSolution
		{0C7F3075-1760-4A57-A1F5-C6C2241A812A}.Debug|Any CPU.ActiveCfg = Debug|Any CPU
		{0C7F3075-1760-4A57-A1F5-C6C2241A812A}.Debug|Any CPU.Build.0 = Debug|Any CPU
		{0C7F3075-1760-4A57-A1F5-C6C2241A812A}.Release|Any CPU.ActiveCfg = Release|Any CPU
		{0C7F3075-1760-4A57-A1F5-C6C2241A812A}.Release|Any CPU.Build.0 = Release|Any CPU
		{0C7F3075-1760-4A57-A1F5-C6C2241A812A}.Debug|x64.ActiveCfg = Debug|Any CPU
		{0C7F3075-1760-4A57-A1F5-C6C2241A812A}.Debug|x64.Build.0 = Debug|Any CPU
		{21D09B10-00EC-409A-9CD8-E4A6C8F6EBE9}.Debug|Any CPU.ActiveCfg = Debug|Any CPU
		{21D09B10-00EC-409A-9CD8-E4A6C8F6EBE9}.Debug|Any CPU.Build.0 = Debug|Any CPU
		{21D09B10-00EC-409A-9CD8-E4A6C8F6EBE9}.Debug|x64.ActiveCfg = Debug|Any CPU
		{21D09B10-00EC-409A-9CD8-E4A6C8F6EBE9}.Debug|x64.Build.0 = Debug|Any CPU
		{21D09B10-00EC-409A-9CD8-E4A6C8F6EBE9}.Debug|x86.ActiveCfg = Debug|Any CPU
		{21D09B10-00EC-409A-9CD8-E4A6C8F6EBE9}.Debug|x86.Build.0 = Debug|Any CPU
		{21D09B10-00EC-409A-9CD8-E4A6C8F6EBE9}.Release|Any CPU.ActiveCfg = Release|Any CPU
		{21D09B10-00EC-409A-9CD8-E4A6C8F6EBE9}.Release|Any CPU.Build.0 = Release|Any CPU
		{21D09B10-00EC-409A-9CD8-E4A6C8F6EBE9}.Release|x64.ActiveCfg = Release|Any CPU
		{21D09B10-00EC-409A-9CD8-E4A6C8F6EBE9}.Release|x64.Build.0 = Release|Any CPU
		{21D09B10-00EC-409A-9CD8-E4A6C8F6EBE9}.Release|x86.ActiveCfg = Release|Any CPU
		{21D09B10-00EC-409A-9CD8-E4A6C8F6EBE9}.Release|x86.Build.0 = Release|Any CPU
		{A42FD0B7-A296-4003-A64B-9FCF8C9AEB23}.Debug|Any CPU.ActiveCfg = Debug|Any CPU
		{A42FD0B7-A296-4003-A64B-9FCF8C9AEB23}.Debug|Any CPU.Build.0 = Debug|Any CPU
		{A42FD0B7-A296-4003-A64B-9FCF8C9AEB23}.Debug|x64.ActiveCfg = Debug|Any CPU
		{A42FD0B7-A296-4003-A64B-9FCF8C9AEB23}.Debug|x64.Build.0 = Debug|Any CPU
		{A42FD0B7-A296-4003-A64B-9FCF8C9AEB23}.Debug|x86.ActiveCfg = Debug|Any CPU
		{A42FD0B7-A296-4003-A64B-9FCF8C9AEB23}.Debug|x86.Build.0 = Debug|Any CPU
		{A42FD0B7-A296-4003-A64B-9FCF8C9AEB23}.Release|Any CPU.ActiveCfg = Release|Any CPU
		{A42FD0B7-A296-4003-A64B-9FCF8C9AEB23}.Release|Any CPU.Build.0 = Release|Any CPU
		{A42FD0B7-A296-4003-A64B-9FCF8C9AEB23}.Release|x64.ActiveCfg = Release|Any CPU
		{A42FD0B7-A296-4003-A64B-9FCF8C9AEB23}.Release|x64.Build.0 = Release|Any CPU
		{A42FD0B7-A296-4003-A64B-9FCF8C9AEB23}.Release|x86.ActiveCfg = Release|Any CPU
		{A42FD0B7-A296-4003-A64B-9FCF8C9AEB23}.Release|x86.Build.0 = Release|Any CPU
		{532D72F4-7A4B-4890-9860-631AEEFEA73A}.Debug|Any CPU.ActiveCfg = Debug|Any CPU
		{532D72F4-7A4B-4890-9860-631AEEFEA73A}.Debug|Any CPU.Build.0 = Debug|Any CPU
		{532D72F4-7A4B-4890-9860-631AEEFEA73A}.Debug|x64.ActiveCfg = Debug|Any CPU
		{532D72F4-7A4B-4890-9860-631AEEFEA73A}.Debug|x64.Build.0 = Debug|Any CPU
		{532D72F4-7A4B-4890-9860-631AEEFEA73A}.Debug|x86.ActiveCfg = Debug|Any CPU
		{532D72F4-7A4B-4890-9860-631AEEFEA73A}.Debug|x86.Build.0 = Debug|Any CPU
		{532D72F4-7A4B-4890-9860-631AEEFEA73A}.Release|Any CPU.ActiveCfg = Release|Any CPU
		{532D72F4-7A4B-4890-9860-631AEEFEA73A}.Release|Any CPU.Build.0 = Release|Any CPU
		{532D72F4-7A4B-4890-9860-631AEEFEA73A}.Release|x64.ActiveCfg = Release|Any CPU
		{532D72F4-7A4B-4890-9860-631AEEFEA73A}.Release|x64.Build.0 = Release|Any CPU
		{532D72F4-7A4B-4890-9860-631AEEFEA73A}.Release|x86.ActiveCfg = Release|Any CPU
		{532D72F4-7A4B-4890-9860-631AEEFEA73A}.Release|x86.Build.0 = Release|Any CPU
		{58D16589-89E4-445D-AAC4-09FA9062DEFD}.Debug|Any CPU.ActiveCfg = Debug|Any CPU
		{58D16589-89E4-445D-AAC4-09FA9062DEFD}.Debug|Any CPU.Build.0 = Debug|Any CPU
		{58D16589-89E4-445D-AAC4-09FA9062DEFD}.Debug|x64.ActiveCfg = Debug|Any CPU
		{58D16589-89E4-445D-AAC4-09FA9062DEFD}.Debug|x64.Build.0 = Debug|Any CPU
		{58D16589-89E4-445D-AAC4-09FA9062DEFD}.Debug|x86.ActiveCfg = Debug|Any CPU
		{58D16589-89E4-445D-AAC4-09FA9062DEFD}.Debug|x86.Build.0 = Debug|Any CPU
		{58D16589-89E4-445D-AAC4-09FA9062DEFD}.Release|Any CPU.ActiveCfg = Release|Any CPU
		{58D16589-89E4-445D-AAC4-09FA9062DEFD}.Release|Any CPU.Build.0 = Release|Any CPU
		{58D16589-89E4-445D-AAC4-09FA9062DEFD}.Release|x64.ActiveCfg = Release|Any CPU
		{58D16589-89E4-445D-AAC4-09FA9062DEFD}.Release|x64.Build.0 = Release|Any CPU
		{58D16589-89E4-445D-AAC4-09FA9062DEFD}.Release|x86.ActiveCfg = Release|Any CPU
		{58D16589-89E4-445D-AAC4-09FA9062DEFD}.Release|x86.Build.0 = Release|Any CPU
		{C6B24D7F-1A78-4425-B712-411F7CA6D903}.Debug|Any CPU.ActiveCfg = Debug|Any CPU
		{C6B24D7F-1A78-4425-B712-411F7CA6D903}.Debug|Any CPU.Build.0 = Debug|Any CPU
		{C6B24D7F-1A78-4425-B712-411F7CA6D903}.Debug|x64.ActiveCfg = Debug|Any CPU
		{C6B24D7F-1A78-4425-B712-411F7CA6D903}.Debug|x64.Build.0 = Debug|Any CPU
		{C6B24D7F-1A78-4425-B712-411F7CA6D903}.Debug|x86.ActiveCfg = Debug|Any CPU
		{C6B24D7F-1A78-4425-B712-411F7CA6D903}.Debug|x86.Build.0 = Debug|Any CPU
		{C6B24D7F-1A78-4425-B712-411F7CA6D903}.Release|Any CPU.ActiveCfg = Release|Any CPU
		{C6B24D7F-1A78-4425-B712-411F7CA6D903}.Release|Any CPU.Build.0 = Release|Any CPU
		{C6B24D7F-1A78-4425-B712-411F7CA6D903}.Release|x64.ActiveCfg = Release|Any CPU
		{C6B24D7F-1A78-4425-B712-411F7CA6D903}.Release|x64.Build.0 = Release|Any CPU
		{C6B24D7F-1A78-4425-B712-411F7CA6D903}.Release|x86.ActiveCfg = Release|Any CPU
		{C6B24D7F-1A78-4425-B712-411F7CA6D903}.Release|x86.Build.0 = Release|Any CPU
	EndGlobalSection
	GlobalSection(NestedProjects) = preSolution
		{21D09B10-00EC-409A-9CD8-E4A6C8F6EBE9} = {DF047519-DE4A-4700-AD5C-C210252C4FA7}
		{A42FD0B7-A296-4003-A64B-9FCF8C9AEB23} = {DF047519-DE4A-4700-AD5C-C210252C4FA7}
		{532D72F4-7A4B-4890-9860-631AEEFEA73A} = {DF047519-DE4A-4700-AD5C-C210252C4FA7}
		{58D16589-89E4-445D-AAC4-09FA9062DEFD} = {DF047519-DE4A-4700-AD5C-C210252C4FA7}
		{C6B24D7F-1A78-4425-B712-411F7CA6D903} = {DF047519-DE4A-4700-AD5C-C210252C4FA7}
	EndGlobalSection
EndGlobal
